{
  "name": "quirkbotcompilerisogenerator",
  "version": "1.0.0",
  "lockfileVersion": 1,
  "requires": true,
  "dependencies": {
    "quirkbot-arduino-builder": {
      "version": "0.0.5",
      "resolved": "https://registry.npmjs.org/quirkbot-arduino-builder/-/quirkbot-arduino-builder-0.0.5.tgz",
      "integrity": "sha512-jkdNgFAqU1RYqmzfhKEKN4hWBfcZTtBYo4Ta7lCcxzbsvkzNPIi5B46+dk4Ll0kS8X5viRyYINlEO2yNk2+xRA=="
    },
    "quirkbot-arduino-hardware": {
      "version": "0.4.9",
      "resolved": "https://registry.npmjs.org/quirkbot-arduino-hardware/-/quirkbot-arduino-hardware-0.4.9.tgz",
      "integrity": "sha512-a1/n18sSzbkQ6j0N/1oYQ5jUfnrghODd4xzWiHrIcHFNxb6AOkeF1s18fPP5Nz0/x6kT0nZzx/L+6HN6SK73jQ=="
    },
    "quirkbot-arduino-library": {
      "version": "2.5.7",
      "resolved": "https://registry.npmjs.org/quirkbot-arduino-library/-/quirkbot-arduino-library-2.5.7.tgz",
      "integrity": "sha512-fI8+QnkzhiGEid3rTbsPcPoG9Hp7IY8IZujZlJQUhk1vZ+qgjjOL904nayeGzdbd6RE5cp3mv3aCsc6tuNq2aA=="
    },
    "quirkbot-avr-gcc": {
      "version": "1.0.1",
      "resolved": "https://registry.npmjs.org/quirkbot-avr-gcc/-/quirkbot-avr-gcc-1.0.1.tgz",
      "integrity": "sha512-9oxOjg6U2xQnzpXlkBNXjfaqppmoYLB090vfcHWA/CMVHCERW5+wl+RbkNKLLFNNT2FDoMtjfII8Sr+cJMmJEg=="
    }
  }
}
