# THIS IS AN AUTOGENERATED FILE. DO NOT EDIT THIS FILE DIRECTLY.
# yarn lockfile v1


quirkbot-arduino-builder@0.0.5:
  version "0.0.5"
  resolved "https://registry.yarnpkg.com/quirkbot-arduino-builder/-/quirkbot-arduino-builder-0.0.5.tgz#3a1d26413e0698e3d5923382dcbcbe2bf4aa0d78"

quirkbot-arduino-hardware@^0.4.9:
  version "0.4.10"
  resolved "https://registry.yarnpkg.com/quirkbot-arduino-hardware/-/quirkbot-arduino-hardware-0.4.10.tgz#c427f25482806e3c468f8a7daf64b7e330ea105d"

quirkbot-arduino-library@^2.5.7:
  version "2.6.2"
  resolved "https://registry.yarnpkg.com/quirkbot-arduino-library/-/quirkbot-arduino-library-2.6.2.tgz#821afbb8dd2213cd3284b58e7233088f8a829bc5"

quirkbot-avr-gcc@^1.0.1:
  version "1.0.1"
  resolved "https://registry.yarnpkg.com/quirkbot-avr-gcc/-/quirkbot-avr-gcc-1.0.1.tgz#27bcc963a2d1ae49e25f7ffff962170aae12687b"
